// !$*UTF8*$!
{
	archiveVersion = 1;
	classes = {
	};
	objectVersion = 52;
	objects = {

/* Begin PBXBuildFile section */
		4536687B23A94673000E6820 /* ErrorProvider.swift in Sources */ = {isa = PBXBuildFile; fileRef = 4536687A23A94673000E6820 /* ErrorProvider.swift */; };
		453EF09E23A3729900CB85B8 /* AppDelegate.swift in Sources */ = {isa = PBXBuildFile; fileRef = 453EF09D23A3729900CB85B8 /* AppDelegate.swift */; };
		453EF0A023A3729900CB85B8 /* SceneDelegate.swift in Sources */ = {isa = PBXBuildFile; fileRef = 453EF09F23A3729900CB85B8 /* SceneDelegate.swift */; };
		453EF0A323A3729900CB85B8 /* WeatherForecast.xcdatamodeld in Sources */ = {isa = PBXBuildFile; fileRef = 453EF0A123A3729900CB85B8 /* WeatherForecast.xcdatamodeld */; };
		453EF0A523A3729900CB85B8 /* ContentView.swift in Sources */ = {isa = PBXBuildFile; fileRef = 453EF0A423A3729900CB85B8 /* ContentView.swift */; };
		453EF0A723A3729B00CB85B8 /* Assets.xcassets in Resources */ = {isa = PBXBuildFile; fileRef = 453EF0A623A3729B00CB85B8 /* Assets.xcassets */; };
		453EF0AA23A3729B00CB85B8 /* Preview Assets.xcassets in Resources */ = {isa = PBXBuildFile; fileRef = 453EF0A923A3729B00CB85B8 /* Preview Assets.xcassets */; };
		453EF0AD23A3729B00CB85B8 /* LaunchScreen.storyboard in Resources */ = {isa = PBXBuildFile; fileRef = 453EF0AB23A3729B00CB85B8 /* LaunchScreen.storyboard */; };
		453EF0B623A3737E00CB85B8 /* Helper.swift in Sources */ = {isa = PBXBuildFile; fileRef = 453EF0B523A3737E00CB85B8 /* Helper.swift */; };
		453EF0BE23A37F7000CB85B8 /* BackSplash.swift in Sources */ = {isa = PBXBuildFile; fileRef = 453EF0BD23A37F7000CB85B8 /* BackSplash.swift */; };
		453EF0C123A3847C00CB85B8 /* MainForecast.swift in Sources */ = {isa = PBXBuildFile; fileRef = 453EF0C023A3847C00CB85B8 /* MainForecast.swift */; };
		453EF0C423A3926200CB85B8 /* Service.swift in Sources */ = {isa = PBXBuildFile; fileRef = 453EF0C323A3926200CB85B8 /* Service.swift */; };
		453EF0C723A3988100CB85B8 /* ForecastViewModel.swift in Sources */ = {isa = PBXBuildFile; fileRef = 453EF0C623A3988100CB85B8 /* ForecastViewModel.swift */; };
		455784D723A76AEA00344B11 /* Alamofire in Frameworks */ = {isa = PBXBuildFile; productRef = 455784D623A76AEA00344B11 /* Alamofire */; };
		45D0DC7D23A8FE19000869E2 /* ErrorHandler.swift in Sources */ = {isa = PBXBuildFile; fileRef = 45D0DC7C23A8FE19000869E2 /* ErrorHandler.swift */; };
		45D0DC7F23A8FEEB000869E2 /* CommonErrorUtility.swift in Sources */ = {isa = PBXBuildFile; fileRef = 45D0DC7E23A8FEEB000869E2 /* CommonErrorUtility.swift */; };
		45E3B83823A7F6E3000647D1 /* NetWorkManager.swift in Sources */ = {isa = PBXBuildFile; fileRef = 45E3B83723A7F6E3000647D1 /* NetWorkManager.swift */; };
		45E3B83C23A7F804000647D1 /* APIRequestModel.swift in Sources */ = {isa = PBXBuildFile; fileRef = 45E3B83B23A7F804000647D1 /* APIRequestModel.swift */; };
		45E3B83E23A7F982000647D1 /* Headers.swift in Sources */ = {isa = PBXBuildFile; fileRef = 45E3B83D23A7F982000647D1 /* Headers.swift */; };
		45EC76A223AB8ED400FBCEC7 /* BO.swift in Sources */ = {isa = PBXBuildFile; fileRef = 45EC76A123AB8ED400FBCEC7 /* BO.swift */; };
		45EC76A423ABE1C400FBCEC7 /* TopView.swift in Sources */ = {isa = PBXBuildFile; fileRef = 45EC76A323ABE1C400FBCEC7 /* TopView.swift */; };
		832132D524C81BB300913985 /* CurrentTempView.swift in Sources */ = {isa = PBXBuildFile; fileRef = 832132D424C81BB300913985 /* CurrentTempView.swift */; };
		832132D724C845C500913985 /* BottomScrollForeCast.swift in Sources */ = {isa = PBXBuildFile; fileRef = 832132D624C845C500913985 /* BottomScrollForeCast.swift */; };
		835E9BE124C7F9BF009C53B3 /* MidView.swift in Sources */ = {isa = PBXBuildFile; fileRef = 835E9BE024C7F9BF009C53B3 /* MidView.swift */; };
/* End PBXBuildFile section */

/* Begin PBXFileReference section */
		4536687A23A94673000E6820 /* ErrorProvider.swift */ = {isa = PBXFileReference; lastKnownFileType = sourcecode.swift; path = ErrorProvider.swift; sourceTree = "<group>"; };
		453EF09A23A3729900CB85B8 /* CombinePOC.app */ = {isa = PBXFileReference; explicitFileType = wrapper.application; includeInIndex = 0; path = CombinePOC.app; sourceTree = BUILT_PRODUCTS_DIR; };
		453EF09D23A3729900CB85B8 /* AppDelegate.swift */ = {isa = PBXFileReference; lastKnownFileType = sourcecode.swift; path = AppDelegate.swift; sourceTree = "<group>"; };
		453EF09F23A3729900CB85B8 /* SceneDelegate.swift */ = {isa = PBXFileReference; lastKnownFileType = sourcecode.swift; path = SceneDelegate.swift; sourceTree = "<group>"; };
		453EF0A223A3729900CB85B8 /* WeatherForecast.xcdatamodel */ = {isa = PBXFileReference; lastKnownFileType = wrapper.xcdatamodel; path = WeatherForecast.xcdatamodel; sourceTree = "<group>"; };
		453EF0A423A3729900CB85B8 /* ContentView.swift */ = {isa = PBXFileReference; lastKnownFileType = sourcecode.swift; path = ContentView.swift; sourceTree = "<group>"; };
		453EF0A623A3729B00CB85B8 /* Assets.xcassets */ = {isa = PBXFileReference; lastKnownFileType = folder.assetcatalog; path = Assets.xcassets; sourceTree = "<group>"; };
		453EF0A923A3729B00CB85B8 /* Preview Assets.xcassets */ = {isa = PBXFileReference; lastKnownFileType = folder.assetcatalog; path = "Preview Assets.xcassets"; sourceTree = "<group>"; };
		453EF0AC23A3729B00CB85B8 /* Base */ = {isa = PBXFileReference; lastKnownFileType = file.storyboard; name = Base; path = Base.lproj/LaunchScreen.storyboard; sourceTree = "<group>"; };
		453EF0AE23A3729B00CB85B8 /* Info.plist */ = {isa = PBXFileReference; lastKnownFileType = text.plist.xml; path = Info.plist; sourceTree = "<group>"; };
		453EF0B523A3737E00CB85B8 /* Helper.swift */ = {isa = PBXFileReference; lastKnownFileType = sourcecode.swift; path = Helper.swift; sourceTree = "<group>"; };
		453EF0BD23A37F7000CB85B8 /* BackSplash.swift */ = {isa = PBXFileReference; lastKnownFileType = sourcecode.swift; path = BackSplash.swift; sourceTree = "<group>"; };
		453EF0C023A3847C00CB85B8 /* MainForecast.swift */ = {isa = PBXFileReference; lastKnownFileType = sourcecode.swift; path = MainForecast.swift; sourceTree = "<group>"; };
		453EF0C323A3926200CB85B8 /* Service.swift */ = {isa = PBXFileReference; lastKnownFileType = sourcecode.swift; path = Service.swift; sourceTree = "<group>"; };
		453EF0C623A3988100CB85B8 /* ForecastViewModel.swift */ = {isa = PBXFileReference; lastKnownFileType = sourcecode.swift; path = ForecastViewModel.swift; sourceTree = "<group>"; };
		45D0DC7C23A8FE19000869E2 /* ErrorHandler.swift */ = {isa = PBXFileReference; lastKnownFileType = sourcecode.swift; path = ErrorHandler.swift; sourceTree = "<group>"; };
		45D0DC7E23A8FEEB000869E2 /* CommonErrorUtility.swift */ = {isa = PBXFileReference; lastKnownFileType = sourcecode.swift; path = CommonErrorUtility.swift; sourceTree = "<group>"; };
		45E3B83723A7F6E3000647D1 /* NetWorkManager.swift */ = {isa = PBXFileReference; lastKnownFileType = sourcecode.swift; path = NetWorkManager.swift; sourceTree = "<group>"; };
		45E3B83B23A7F804000647D1 /* APIRequestModel.swift */ = {isa = PBXFileReference; lastKnownFileType = sourcecode.swift; path = APIRequestModel.swift; sourceTree = "<group>"; };
		45E3B83D23A7F982000647D1 /* Headers.swift */ = {isa = PBXFileReference; lastKnownFileType = sourcecode.swift; path = Headers.swift; sourceTree = "<group>"; };
		45EC76A123AB8ED400FBCEC7 /* BO.swift */ = {isa = PBXFileReference; lastKnownFileType = sourcecode.swift; path = BO.swift; sourceTree = "<group>"; };
		45EC76A323ABE1C400FBCEC7 /* TopView.swift */ = {isa = PBXFileReference; lastKnownFileType = sourcecode.swift; path = TopView.swift; sourceTree = "<group>"; };
		832132D424C81BB300913985 /* CurrentTempView.swift */ = {isa = PBXFileReference; lastKnownFileType = sourcecode.swift; path = CurrentTempView.swift; sourceTree = "<group>"; };
		832132D624C845C500913985 /* BottomScrollForeCast.swift */ = {isa = PBXFileReference; lastKnownFileType = sourcecode.swift; path = BottomScrollForeCast.swift; sourceTree = "<group>"; };
		835E9BE024C7F9BF009C53B3 /* MidView.swift */ = {isa = PBXFileReference; lastKnownFileType = sourcecode.swift; path = MidView.swift; sourceTree = "<group>"; };
/* End PBXFileReference section */

/* Begin PBXFrameworksBuildPhase section */
		453EF09723A3729900CB85B8 /* Frameworks */ = {
			isa = PBXFrameworksBuildPhase;
			buildActionMask = 2147483647;
			files = (
				455784D723A76AEA00344B11 /* Alamofire in Frameworks */,
			);
			runOnlyForDeploymentPostprocessing = 0;
		};
/* End PBXFrameworksBuildPhase section */

/* Begin PBXGroup section */
		453EF09123A3729900CB85B8 = {
			isa = PBXGroup;
			children = (
				453EF09C23A3729900CB85B8 /* CombinePOC */,
				453EF09B23A3729900CB85B8 /* Products */,
			);
			sourceTree = "<group>";
		};
		453EF09B23A3729900CB85B8 /* Products */ = {
			isa = PBXGroup;
			children = (
				453EF09A23A3729900CB85B8 /* CombinePOC.app */,
			);
			name = Products;
			sourceTree = "<group>";
		};
		453EF09C23A3729900CB85B8 /* CombinePOC */ = {
			isa = PBXGroup;
			children = (
				453EF0C523A3985100CB85B8 /* ViewModel */,
				453EF0C223A3925100CB85B8 /* Services */,
				453EF0BF23A3845A00CB85B8 /* Data */,
				453EF0B723A373AA00CB85B8 /* Views */,
				453EF0B423A3737100CB85B8 /* Helper */,
				453EF09D23A3729900CB85B8 /* AppDelegate.swift */,
				453EF09F23A3729900CB85B8 /* SceneDelegate.swift */,
				453EF0A423A3729900CB85B8 /* ContentView.swift */,
				453EF0A623A3729B00CB85B8 /* Assets.xcassets */,
				453EF0AB23A3729B00CB85B8 /* LaunchScreen.storyboard */,
				453EF0AE23A3729B00CB85B8 /* Info.plist */,
				453EF0A123A3729900CB85B8 /* WeatherForecast.xcdatamodeld */,
				453EF0A823A3729B00CB85B8 /* Preview Content */,
			);
			path = CombinePOC;
			sourceTree = "<group>";
		};
		453EF0A823A3729B00CB85B8 /* Preview Content */ = {
			isa = PBXGroup;
			children = (
				453EF0A923A3729B00CB85B8 /* Preview Assets.xcassets */,
			);
			path = "Preview Content";
			sourceTree = "<group>";
		};
		453EF0B423A3737100CB85B8 /* Helper */ = {
			isa = PBXGroup;
			children = (
				453EF0B523A3737E00CB85B8 /* Helper.swift */,
			);
			path = Helper;
			sourceTree = "<group>";
		};
		453EF0B723A373AA00CB85B8 /* Views */ = {
			isa = PBXGroup;
			children = (
				453EF0BD23A37F7000CB85B8 /* BackSplash.swift */,
				45EC76A323ABE1C400FBCEC7 /* TopView.swift */,
				835E9BE024C7F9BF009C53B3 /* MidView.swift */,
				832132D424C81BB300913985 /* CurrentTempView.swift */,
				832132D624C845C500913985 /* BottomScrollForeCast.swift */,
			);
			path = Views;
			sourceTree = "<group>";
		};
		453EF0BF23A3845A00CB85B8 /* Data */ = {
			isa = PBXGroup;
			children = (
				453EF0C023A3847C00CB85B8 /* MainForecast.swift */,
				45EC76A123AB8ED400FBCEC7 /* BO.swift */,
			);
			path = Data;
			sourceTree = "<group>";
		};
		453EF0C223A3925100CB85B8 /* Services */ = {
			isa = PBXGroup;
			children = (
				453EF0C323A3926200CB85B8 /* Service.swift */,
				45E3B83723A7F6E3000647D1 /* NetWorkManager.swift */,
				45E3B83B23A7F804000647D1 /* APIRequestModel.swift */,
				45E3B83D23A7F982000647D1 /* Headers.swift */,
				45D0DC7C23A8FE19000869E2 /* ErrorHandler.swift */,
				45D0DC7E23A8FEEB000869E2 /* CommonErrorUtility.swift */,
				4536687A23A94673000E6820 /* ErrorProvider.swift */,
			);
			path = Services;
			sourceTree = "<group>";
		};
		453EF0C523A3985100CB85B8 /* ViewModel */ = {
			isa = PBXGroup;
			children = (
				453EF0C623A3988100CB85B8 /* ForecastViewModel.swift */,
			);
			path = ViewModel;
			sourceTree = "<group>";
		};
/* End PBXGroup section */

/* Begin PBXNativeTarget section */
		453EF09923A3729900CB85B8 /* CombinePOC */ = {
			isa = PBXNativeTarget;
			buildConfigurationList = 453EF0B123A3729B00CB85B8 /* Build configuration list for PBXNativeTarget "CombinePOC" */;
			buildPhases = (
				453EF09623A3729900CB85B8 /* Sources */,
				453EF09723A3729900CB85B8 /* Frameworks */,
				453EF09823A3729900CB85B8 /* Resources */,
			);
			buildRules = (
			);
			dependencies = (
			);
			name = CombinePOC;
			packageProductDependencies = (
				455784D623A76AEA00344B11 /* Alamofire */,
			);
			productName = WeatherForecast;
			productReference = 453EF09A23A3729900CB85B8 /* CombinePOC.app */;
			productType = "com.apple.product-type.application";
		};
/* End PBXNativeTarget section */

/* Begin PBXProject section */
		453EF09223A3729900CB85B8 /* Project object */ = {
			isa = PBXProject;
			attributes = {
				LastSwiftUpdateCheck = 1120;
				LastUpgradeCheck = 1120;
				ORGANIZATIONNAME = 1276121;
				TargetAttributes = {
					453EF09923A3729900CB85B8 = {
						CreatedOnToolsVersion = 11.2.1;
					};
				};
			};
			buildConfigurationList = 453EF09523A3729900CB85B8 /* Build configuration list for PBXProject "CombinePOC" */;
			compatibilityVersion = "Xcode 9.3";
			developmentRegion = en;
			hasScannedForEncodings = 0;
			knownRegions = (
				en,
				Base,
			);
			mainGroup = 453EF09123A3729900CB85B8;
			packageReferences = (
				455784D523A76AEA00344B11 /* XCRemoteSwiftPackageReference "Alamofire" */,
			);
			productRefGroup = 453EF09B23A3729900CB85B8 /* Products */;
			projectDirPath = "";
			projectRoot = "";
			targets = (
				453EF09923A3729900CB85B8 /* CombinePOC */,
			);
		};
/* End PBXProject section */

/* Begin PBXResourcesBuildPhase section */
		453EF09823A3729900CB85B8 /* Resources */ = {
			isa = PBXResourcesBuildPhase;
			buildActionMask = 2147483647;
			files = (
				453EF0AD23A3729B00CB85B8 /* LaunchScreen.storyboard in Resources */,
				453EF0AA23A3729B00CB85B8 /* Preview Assets.xcassets in Resources */,
				453EF0A723A3729B00CB85B8 /* Assets.xcassets in Resources */,
			);
			runOnlyForDeploymentPostprocessing = 0;
		};
/* End PBXResourcesBuildPhase section */

/* Begin PBXSourcesBuildPhase section */
		453EF09623A3729900CB85B8 /* Sources */ = {
			isa = PBXSourcesBuildPhase;
			buildActionMask = 2147483647;
			files = (
				45E3B83823A7F6E3000647D1 /* NetWorkManager.swift in Sources */,
				45E3B83C23A7F804000647D1 /* APIRequestModel.swift in Sources */,
				45D0DC7F23A8FEEB000869E2 /* CommonErrorUtility.swift in Sources */,
				4536687B23A94673000E6820 /* ErrorProvider.swift in Sources */,
				832132D724C845C500913985 /* BottomScrollForeCast.swift in Sources */,
				45EC76A223AB8ED400FBCEC7 /* BO.swift in Sources */,
				453EF0C723A3988100CB85B8 /* ForecastViewModel.swift in Sources */,
				453EF0A323A3729900CB85B8 /* WeatherForecast.xcdatamodeld in Sources */,
				45EC76A423ABE1C400FBCEC7 /* TopView.swift in Sources */,
				453EF0C423A3926200CB85B8 /* Service.swift in Sources */,
				835E9BE124C7F9BF009C53B3 /* MidView.swift in Sources */,
				45D0DC7D23A8FE19000869E2 /* ErrorHandler.swift in Sources */,
				453EF09E23A3729900CB85B8 /* AppDelegate.swift in Sources */,
				453EF0C123A3847C00CB85B8 /* MainForecast.swift in Sources */,
				453EF0B623A3737E00CB85B8 /* Helper.swift in Sources */,
				45E3B83E23A7F982000647D1 /* Headers.swift in Sources */,
				453EF0BE23A37F7000CB85B8 /* BackSplash.swift in Sources */,
				453EF0A523A3729900CB85B8 /* ContentView.swift in Sources */,
				832132D524C81BB300913985 /* CurrentTempView.swift in Sources */,
				453EF0A023A3729900CB85B8 /* SceneDelegate.swift in Sources */,
			);
			runOnlyForDeploymentPostprocessing = 0;
		};
/* End PBXSourcesBuildPhase section */

/* Begin PBXVariantGroup section */
		453EF0AB23A3729B00CB85B8 /* LaunchScreen.storyboard */ = {
			isa = PBXVariantGroup;
			children = (
				453EF0AC23A3729B00CB85B8 /* Base */,
			);
			name = LaunchScreen.storyboard;
			sourceTree = "<group>";
		};
/* End PBXVariantGroup section */

/* Begin XCBuildConfiguration section */
		453EF0AF23A3729B00CB85B8 /* Debug */ = {
			isa = XCBuildConfiguration;
			buildSettings = {
				ALWAYS_SEARCH_USER_PATHS = NO;
				CLANG_ANALYZER_NONNULL = YES;
				CLANG_ANALYZER_NUMBER_OBJECT_CONVERSION = YES_AGGRESSIVE;
				CLANG_CXX_LANGUAGE_STANDARD = "gnu++14";
				CLANG_CXX_LIBRARY = "libc++";
				CLANG_ENABLE_MODULES = YES;
				CLANG_ENABLE_OBJC_ARC = YES;
				CLANG_ENABLE_OBJC_WEAK = YES;
				CLANG_WARN_BLOCK_CAPTURE_AUTORELEASING = YES;
				CLANG_WARN_BOOL_CONVERSION = YES;
				CLANG_WARN_COMMA = YES;
				CLANG_WARN_CONSTANT_CONVERSION = YES;
				CLANG_WARN_DEPRECATED_OBJC_IMPLEMENTATIONS = YES;
				CLANG_WARN_DIRECT_OBJC_ISA_USAGE = YES_ERROR;
				CLANG_WARN_DOCUMENTATION_COMMENTS = YES;
				CLANG_WARN_EMPTY_BODY = YES;
				CLANG_WARN_ENUM_CONVERSION = YES;
				CLANG_WARN_INFINITE_RECURSION = YES;
				CLANG_WARN_INT_CONVERSION = YES;
				CLANG_WARN_NON_LITERAL_NULL_CONVERSION = YES;
				CLANG_WARN_OBJC_IMPLICIT_RETAIN_SELF = YES;
				CLANG_WARN_OBJC_LITERAL_CONVERSION = YES;
				CLANG_WARN_OBJC_ROOT_CLASS = YES_ERROR;
				CLANG_WARN_RANGE_LOOP_ANALYSIS = YES;
				CLANG_WARN_STRICT_PROTOTYPES = YES;
				CLANG_WARN_SUSPICIOUS_MOVE = YES;
				CLANG_WARN_UNGUARDED_AVAILABILITY = YES_AGGRESSIVE;
				CLANG_WARN_UNREACHABLE_CODE = YES;
				CLANG_WARN__DUPLICATE_METHOD_MATCH = YES;
				COPY_PHASE_STRIP = NO;
				DEBUG_INFORMATION_FORMAT = dwarf;
				ENABLE_STRICT_OBJC_MSGSEND = YES;
				ENABLE_TESTABILITY = YES;
				GCC_C_LANGUAGE_STANDARD = gnu11;
				GCC_DYNAMIC_NO_PIC = NO;
				GCC_NO_COMMON_BLOCKS = YES;
				GCC_OPTIMIZATION_LEVEL = 0;
				GCC_PREPROCESSOR_DEFINITIONS = (
					"DEBUG=1",
					"$(inherited)",
				);
				GCC_WARN_64_TO_32_BIT_CONVERSION = YES;
				GCC_WARN_ABOUT_RETURN_TYPE = YES_ERROR;
				GCC_WARN_UNDECLARED_SELECTOR = YES;
				GCC_WARN_UNINITIALIZED_AUTOS = YES_AGGRESSIVE;
				GCC_WARN_UNUSED_FUNCTION = YES;
				GCC_WARN_UNUSED_VARIABLE = YES;
				IPHONEOS_DEPLOYMENT_TARGET = 13.2;
				MTL_ENABLE_DEBUG_INFO = INCLUDE_SOURCE;
				MTL_FAST_MATH = YES;
				ONLY_ACTIVE_ARCH = YES;
				SDKROOT = iphoneos;
				SWIFT_ACTIVE_COMPILATION_CONDITIONS = DEBUG;
				SWIFT_OPTIMIZATION_LEVEL = "-Onone";
			};
			name = Debug;
		};
		453EF0B023A3729B00CB85B8 /* Release */ = {
			isa = XCBuildConfiguration;
			buildSettings = {
				ALWAYS_SEARCH_USER_PATHS = NO;
				CLANG_ANALYZER_NONNULL = YES;
				CLANG_ANALYZER_NUMBER_OBJECT_CONVERSION = YES_AGGRESSIVE;
				CLANG_CXX_LANGUAGE_STANDARD = "gnu++14";
				CLANG_CXX_LIBRARY = "libc++";
				CLANG_ENABLE_MODULES = YES;
				CLANG_ENABLE_OBJC_ARC = YES;
				CLANG_ENABLE_OBJC_WEAK = YES;
				CLANG_WARN_BLOCK_CAPTURE_AUTORELEASING = YES;
				CLANG_WARN_BOOL_CONVERSION = YES;
				CLANG_WARN_COMMA = YES;
				CLANG_WARN_CONSTANT_CONVERSION = YES;
				CLANG_WARN_DEPRECATED_OBJC_IMPLEMENTATIONS = YES;
				CLANG_WARN_DIRECT_OBJC_ISA_USAGE = YES_ERROR;
				CLANG_WARN_DOCUMENTATION_COMMENTS = YES;
				CLANG_WARN_EMPTY_BODY = YES;
				CLANG_WARN_ENUM_CONVERSION = YES;
				CLANG_WARN_INFINITE_RECURSION = YES;
				CLANG_WARN_INT_CONVERSION = YES;
				CLANG_WARN_NON_LITERAL_NULL_CONVERSION = YES;
				CLANG_WARN_OBJC_IMPLICIT_RETAIN_SELF = YES;
				CLANG_WARN_OBJC_LITERAL_CONVERSION = YES;
				CLANG_WARN_OBJC_ROOT_CLASS = YES_ERROR;
				CLANG_WARN_RANGE_LOOP_ANALYSIS = YES;
				CLANG_WARN_STRICT_PROTOTYPES = YES;
				CLANG_WARN_SUSPICIOUS_MOVE = YES;
				CLANG_WARN_UNGUARDED_AVAILABILITY = YES_AGGRESSIVE;
				CLANG_WARN_UNREACHABLE_CODE = YES;
				CLANG_WARN__DUPLICATE_METHOD_MATCH = YES;
				COPY_PHASE_STRIP = NO;
				DEBUG_INFORMATION_FORMAT = "dwarf-with-dsym";
				ENABLE_NS_ASSERTIONS = NO;
				ENABLE_STRICT_OBJC_MSGSEND = YES;
				GCC_C_LANGUAGE_STANDARD = gnu11;
				GCC_NO_COMMON_BLOCKS = YES;
				GCC_WARN_64_TO_32_BIT_CONVERSION = YES;
				GCC_WARN_ABOUT_RETURN_TYPE = YES_ERROR;
				GCC_WARN_UNDECLARED_SELECTOR = YES;
				GCC_WARN_UNINITIALIZED_AUTOS = YES_AGGRESSIVE;
				GCC_WARN_UNUSED_FUNCTION = YES;
				GCC_WARN_UNUSED_VARIABLE = YES;
				IPHONEOS_DEPLOYMENT_TARGET = 13.2;
				MTL_ENABLE_DEBUG_INFO = NO;
				MTL_FAST_MATH = YES;
				SDKROOT = iphoneos;
				SWIFT_COMPILATION_MODE = wholemodule;
				SWIFT_OPTIMIZATION_LEVEL = "-O";
				VALIDATE_PRODUCT = YES;
			};
			name = Release;
		};
		453EF0B223A3729B00CB85B8 /* Debug */ = {
			isa = XCBuildConfiguration;
			buildSettings = {
				ASSETCATALOG_COMPILER_APPICON_NAME = AppIcon;
				CODE_SIGN_STYLE = Automatic;
				DEVELOPMENT_ASSET_PATHS = "\"CombinePOC/Preview Content\"";
				DEVELOPMENT_TEAM = 25DS43CP63;
				ENABLE_PREVIEWS = YES;
				INFOPLIST_FILE = CombinePOC/Info.plist;
				LD_RUNPATH_SEARCH_PATHS = (
					"$(inherited)",
					"@executable_path/Frameworks",
				);
				PRODUCT_BUNDLE_IDENTIFIER = com.cg.CombinePOC;
				PRODUCT_NAME = "$(TARGET_NAME)";
				SWIFT_VERSION = 5.0;
				TARGETED_DEVICE_FAMILY = "1,2";
			};
			name = Debug;
		};
		453EF0B323A3729B00CB85B8 /* Release */ = {
			isa = XCBuildConfiguration;
			buildSettings = {
				ASSETCATALOG_COMPILER_APPICON_NAME = AppIcon;
				CODE_SIGN_STYLE = Automatic;
				DEVELOPMENT_ASSET_PATHS = "\"CombinePOC/Preview Content\"";
				DEVELOPMENT_TEAM = 25DS43CP63;
				ENABLE_PREVIEWS = YES;
				INFOPLIST_FILE = CombinePOC/Info.plist;
				LD_RUNPATH_SEARCH_PATHS = (
					"$(inherited)",
					"@executable_path/Frameworks",
				);
				PRODUCT_BUNDLE_IDENTIFIER = com.cg.CombinePOC;
				PRODUCT_NAME = "$(TARGET_NAME)";
				SWIFT_VERSION = 5.0;
				TARGETED_DEVICE_FAMILY = "1,2";
			};
			name = Release;
		};
/* End XCBuildConfiguration section */

/* Begin XCConfigurationList section */
		453EF09523A3729900CB85B8 /* Build configuration list for PBXProject "CombinePOC" */ = {
			isa = XCConfigurationList;
			buildConfigurations = (
				453EF0AF23A3729B00CB85B8 /* Debug */,
				453EF0B023A3729B00CB85B8 /* Release */,
			);
			defaultConfigurationIsVisible = 0;
			defaultConfigurationName = Release;
		};
		453EF0B123A3729B00CB85B8 /* Build configuration list for PBXNativeTarget "CombinePOC" */ = {
			isa = XCConfigurationList;
			buildConfigurations = (
				453EF0B223A3729B00CB85B8 /* Debug */,
				453EF0B323A3729B00CB85B8 /* Release */,
			);
			defaultConfigurationIsVisible = 0;
			defaultConfigurationName = Release;
		};
/* End XCConfigurationList section */

/* Begin XCRemoteSwiftPackageReference section */
		455784D523A76AEA00344B11 /* XCRemoteSwiftPackageReference "Alamofire" */ = {
			isa = XCRemoteSwiftPackageReference;
			repositoryURL = "https://github.com/Alamofire/Alamofire.git";
			requirement = {
				kind = upToNextMajorVersion;
				minimumVersion = 4.9.1;
			};
		};
/* End XCRemoteSwiftPackageReference section */

/* Begin XCSwiftPackageProductDependency section */
		455784D623A76AEA00344B11 /* Alamofire */ = {
			isa = XCSwiftPackageProductDependency;
			package = 455784D523A76AEA00344B11 /* XCRemoteSwiftPackageReference "Alamofire" */;
			productName = Alamofire;
		};
/* End XCSwiftPackageProductDependency section */

/* Begin XCVersionGroup section */
		453EF0A123A3729900CB85B8 /* WeatherForecast.xcdatamodeld */ = {
			isa = XCVersionGroup;
			children = (
				453EF0A223A3729900CB85B8 /* WeatherForecast.xcdatamodel */,
			);
			currentVersion = 453EF0A223A3729900CB85B8 /* WeatherForecast.xcdatamodel */;
			path = WeatherForecast.xcdatamodeld;
			sourceTree = "<group>";
			versionGroupType = wrapper.xcdatamodel;
		};
/* End XCVersionGroup section */
	};
	rootObject = 453EF09223A3729900CB85B8 /* Project object */;
}
